
Microsoft Visual Studio Solution File, Format Version 12.00
# Visual Studio Version 17
VisualStudioVersion = 17.9.34607.119
MinimumVisualStudioVersion = 10.0.40219.1
Project("{FAE04EC0-301F-11D3-BF4B-00C04F79EFBC}") = "TaskManagerAPI", "TaskManagerAPI.csproj", "{E14A0A2E-424E-449F-B2E0-57BB81D9D8D5}"
EndProject
Global
	GlobalSection(SolutionConfigurationPlatforms) = preSolution
		Debug|Any CPU = Debug|Any CPU
		Release|Any CPU = Release|Any CPU
	EndGlobalSection
	GlobalSection(ProjectConfigurationPlatforms) = postSolution
		{E14A0A2E-424E-449F-B2E0-57BB81D9D8D5}.Debug|Any CPU.ActiveCfg = Debug|Any CPU
		{E14A0A2E-424E-449F-B2E0-57BB81D9D8D5}.Debug|Any CPU.Build.0 = Debug|Any CPU
		{E14A0A2E-424E-449F-B2E0-57BB81D9D8D5}.Release|Any CPU.ActiveCfg = Release|Any CPU
		{E14A0A2E-424E-449F-B2E0-57BB81D9D8D5}.Release|Any CPU.Build.0 = Release|Any CPU
	EndGlobalSection
	GlobalSection(SolutionProperties) = preSolution
		HideSolutionNode = FALSE
	EndGlobalSection
	GlobalSection(ExtensibilityGlobals) = postSolution
		SolutionGuid = {82E3D76C-1432-4E35-AC80-BB2BBCE512E6}
	EndGlobalSection
EndGlobal
